
Microsoft Visual Studio Solution File, Format Version 12.00
# Visual Studio Version 16
VisualStudioVersion = 16.0.30114.105
MinimumVisualStudioVersion = 10.0.40219.1
Project("{FAE04EC0-301F-11D3-BF4B-00C04F79EFBC}") = "Czf.Shared.Contracts", "Czf.Shared.Contracts\Czf.Shared.Contracts.csproj", "{7A41841A-BFA6-4290-8D99-77A15BB89604}"
EndProject
Global
	GlobalSection(SolutionConfigurationPlatforms) = preSolution
		Debug|Any CPU = Debug|Any CPU
		Release|Any CPU = Release|Any CPU
	EndGlobalSection
	GlobalSection(ProjectConfigurationPlatforms) = postSolution
		{7A41841A-BFA6-4290-8D99-77A15BB89604}.Debug|Any CPU.ActiveCfg = Debug|Any CPU
		{7A41841A-BFA6-4290-8D99-77A15BB89604}.Debug|Any CPU.Build.0 = Debug|Any CPU
		{7A41841A-BFA6-4290-8D99-77A15BB89604}.Release|Any CPU.ActiveCfg = Release|Any CPU
		{7A41841A-BFA6-4290-8D99-77A15BB89604}.Release|Any CPU.Build.0 = Release|Any CPU
	EndGlobalSection
	GlobalSection(SolutionProperties) = preSolution
		HideSolutionNode = FALSE
	EndGlobalSection
	GlobalSection(ExtensibilityGlobals) = postSolution
		SolutionGuid = {9E4AB5EE-F408-42D0-85C2-1EF0FE4C1A19}
	EndGlobalSection
EndGlobal
